// !$*UTF8*$!
{
	archiveVersion = 1;
	classes = {
	};
	objectVersion = 46;
	objects = {

/* Begin PBXBuildFile section */
		0E45D74415F11D100059DB0A /* EvaluationViewController.m in Sources */ = {isa = PBXBuildFile; fileRef = 0E45D74315F11D100059DB0A /* EvaluationViewController.m */; };
		0E5A82B815F2141E00CB5621 /* SynthesisViewController.m in Sources */ = {isa = PBXBuildFile; fileRef = 0E5A82B715F2141E00CB5621 /* SynthesisViewController.m */; };
		0E8A682B15DFEDB400412A75 /* MainWindow.xib in Resources */ = {isa = PBXBuildFile; fileRef = 0E8A682A15DFEDB400412A75 /* MainWindow.xib */; };
		0E8A683315DFF61400412A75 /* MainWindowController.m in Sources */ = {isa = PBXBuildFile; fileRef = 0E8A683215DFF61400412A75 /* MainWindowController.m */; };
		0EC1A97615DFEA6B000E0900 /* Cocoa.framework in Frameworks */ = {isa = PBXBuildFile; fileRef = 0EC1A97515DFEA6B000E0900 /* Cocoa.framework */; };
		0EC1A98015DFEA6B000E0900 /* InfoPlist.strings in Resources */ = {isa = PBXBuildFile; fileRef = 0EC1A97E15DFEA6B000E0900 /* InfoPlist.strings */; };
		0EC1A98215DFEA6B000E0900 /* main.m in Sources */ = {isa = PBXBuildFile; fileRef = 0EC1A98115DFEA6B000E0900 /* main.m */; };
		0EC1A98615DFEA6B000E0900 /* Credits.rtf in Resources */ = {isa = PBXBuildFile; fileRef = 0EC1A98415DFEA6B000E0900 /* Credits.rtf */; };
		0EC1A98915DFEA6B000E0900 /* AppDelegate.m in Sources */ = {isa = PBXBuildFile; fileRef = 0EC1A98815DFEA6B000E0900 /* AppDelegate.m */; };
		0EC1A98C15DFEA6B000E0900 /* MainMenu.xib in Resources */ = {isa = PBXBuildFile; fileRef = 0EC1A98A15DFEA6B000E0900 /* MainMenu.xib */; };
		0EC1A99415DFEA6B000E0900 /* SenTestingKit.framework in Frameworks */ = {isa = PBXBuildFile; fileRef = 0EC1A99315DFEA6B000E0900 /* SenTestingKit.framework */; };
		0EC1A99515DFEA6B000E0900 /* Cocoa.framework in Frameworks */ = {isa = PBXBuildFile; fileRef = 0EC1A97515DFEA6B000E0900 /* Cocoa.framework */; };
		0EC1A99D15DFEA6B000E0900 /* InfoPlist.strings in Resources */ = {isa = PBXBuildFile; fileRef = 0EC1A99B15DFEA6B000E0900 /* InfoPlist.strings */; };
		0EC1A9A015DFEA6B000E0900 /* UcoNerTests.m in Sources */ = {isa = PBXBuildFile; fileRef = 0EC1A99F15DFEA6B000E0900 /* UcoNerTests.m */; };
		0EE8F16015EFDA9A0098057A /* RecognitionViewController.m in Sources */ = {isa = PBXBuildFile; fileRef = 0EE8F15F15EFDA990098057A /* RecognitionViewController.m */; };
		0EFF4CC015EE897200688790 /* FinderViewController.m in Sources */ = {isa = PBXBuildFile; fileRef = 0EFF4CBF15EE897200688790 /* FinderViewController.m */; };
/* End PBXBuildFile section */

/* Begin PBXContainerItemProxy section */
		0EC1A99615DFEA6B000E0900 /* PBXContainerItemProxy */ = {
			isa = PBXContainerItemProxy;
			containerPortal = 0EC1A96815DFEA6B000E0900 /* Project object */;
			proxyType = 1;
			remoteGlobalIDString = 0EC1A97015DFEA6B000E0900;
			remoteInfo = UcoNer;
		};
/* End PBXContainerItemProxy section */

/* Begin PBXFileReference section */
		0E45D74215F11D100059DB0A /* EvaluationViewController.h */ = {isa = PBXFileReference; fileEncoding = 4; lastKnownFileType = sourcecode.c.h; name = EvaluationViewController.h; path = ../EvaluationViewController.h; sourceTree = "<group>"; };
		0E45D74315F11D100059DB0A /* EvaluationViewController.m */ = {isa = PBXFileReference; fileEncoding = 4; lastKnownFileType = sourcecode.c.objc; name = EvaluationViewController.m; path = ../EvaluationViewController.m; sourceTree = "<group>"; };
		0E5A82B615F2141E00CB5621 /* SynthesisViewController.h */ = {isa = PBXFileReference; fileEncoding = 4; lastKnownFileType = sourcecode.c.h; name = SynthesisViewController.h; path = ../SynthesisViewController.h; sourceTree = "<group>"; };
		0E5A82B715F2141E00CB5621 /* SynthesisViewController.m */ = {isa = PBXFileReference; fileEncoding = 4; lastKnownFileType = sourcecode.c.objc; name = SynthesisViewController.m; path = ../SynthesisViewController.m; sourceTree = "<group>"; };
		0E8A682A15DFEDB400412A75 /* MainWindow.xib */ = {isa = PBXFileReference; fileEncoding = 4; lastKnownFileType = file.xib; path = MainWindow.xib; sourceTree = "<group>"; };
		0E8A683115DFF61400412A75 /* MainWindowController.h */ = {isa = PBXFileReference; fileEncoding = 4; lastKnownFileType = sourcecode.c.h; path = MainWindowController.h; sourceTree = "<group>"; };
		0E8A683215DFF61400412A75 /* MainWindowController.m */ = {isa = PBXFileReference; fileEncoding = 4; lastKnownFileType = sourcecode.c.objc; path = MainWindowController.m; sourceTree = "<group>"; };
		0EC1A97115DFEA6B000E0900 /* UcoNer.app */ = {isa = PBXFileReference; explicitFileType = wrapper.application; includeInIndex = 0; path = UcoNer.app; sourceTree = BUILT_PRODUCTS_DIR; };
		0EC1A97515DFEA6B000E0900 /* Cocoa.framework */ = {isa = PBXFileReference; lastKnownFileType = wrapper.framework; name = Cocoa.framework; path = System/Library/Frameworks/Cocoa.framework; sourceTree = SDKROOT; };
		0EC1A97815DFEA6B000E0900 /* AppKit.framework */ = {isa = PBXFileReference; lastKnownFileType = wrapper.framework; name = AppKit.framework; path = System/Library/Frameworks/AppKit.framework; sourceTree = SDKROOT; };
		0EC1A97915DFEA6B000E0900 /* CoreData.framework */ = {isa = PBXFileReference; lastKnownFileType = wrapper.framework; name = CoreData.framework; path = System/Library/Frameworks/CoreData.framework; sourceTree = SDKROOT; };
		0EC1A97A15DFEA6B000E0900 /* Foundation.framework */ = {isa = PBXFileReference; lastKnownFileType = wrapper.framework; name = Foundation.framework; path = System/Library/Frameworks/Foundation.framework; sourceTree = SDKROOT; };
		0EC1A97D15DFEA6B000E0900 /* UcoNer-Info.plist */ = {isa = PBXFileReference; lastKnownFileType = text.plist.xml; path = "UcoNer-Info.plist"; sourceTree = "<group>"; };
		0EC1A97F15DFEA6B000E0900 /* en */ = {isa = PBXFileReference; lastKnownFileType = text.plist.strings; name = en; path = en.lproj/InfoPlist.strings; sourceTree = "<group>"; };
		0EC1A98115DFEA6B000E0900 /* main.m */ = {isa = PBXFileReference; lastKnownFileType = sourcecode.c.objc; path = main.m; sourceTree = "<group>"; };
		0EC1A98315DFEA6B000E0900 /* UcoNer-Prefix.pch */ = {isa = PBXFileReference; lastKnownFileType = sourcecode.c.h; path = "UcoNer-Prefix.pch"; sourceTree = "<group>"; };
		0EC1A98515DFEA6B000E0900 /* en */ = {isa = PBXFileReference; lastKnownFileType = text.rtf; name = en; path = en.lproj/Credits.rtf; sourceTree = "<group>"; };
		0EC1A98715DFEA6B000E0900 /* AppDelegate.h */ = {isa = PBXFileReference; lastKnownFileType = sourcecode.c.h; path = AppDelegate.h; sourceTree = "<group>"; };
		0EC1A98815DFEA6B000E0900 /* AppDelegate.m */ = {isa = PBXFileReference; lastKnownFileType = sourcecode.c.objc; path = AppDelegate.m; sourceTree = "<group>"; };
		0EC1A98B15DFEA6B000E0900 /* en */ = {isa = PBXFileReference; lastKnownFileType = file.xib; name = en; path = en.lproj/MainMenu.xib; sourceTree = "<group>"; };
		0EC1A99215DFEA6B000E0900 /* UcoNerTests.octest */ = {isa = PBXFileReference; explicitFileType = wrapper.cfbundle; includeInIndex = 0; path = UcoNerTests.octest; sourceTree = BUILT_PRODUCTS_DIR; };
		0EC1A99315DFEA6B000E0900 /* SenTestingKit.framework */ = {isa = PBXFileReference; lastKnownFileType = wrapper.framework; name = SenTestingKit.framework; path = Library/Frameworks/SenTestingKit.framework; sourceTree = DEVELOPER_DIR; };
		0EC1A99A15DFEA6B000E0900 /* UcoNerTests-Info.plist */ = {isa = PBXFileReference; lastKnownFileType = text.plist.xml; path = "UcoNerTests-Info.plist"; sourceTree = "<group>"; };
		0EC1A99C15DFEA6B000E0900 /* en */ = {isa = PBXFileReference; lastKnownFileType = text.plist.strings; name = en; path = en.lproj/InfoPlist.strings; sourceTree = "<group>"; };
		0EC1A99E15DFEA6B000E0900 /* UcoNerTests.h */ = {isa = PBXFileReference; lastKnownFileType = sourcecode.c.h; path = UcoNerTests.h; sourceTree = "<group>"; };
		0EC1A99F15DFEA6B000E0900 /* UcoNerTests.m */ = {isa = PBXFileReference; lastKnownFileType = sourcecode.c.objc; path = UcoNerTests.m; sourceTree = "<group>"; };
		0EE8F15E15EFDA990098057A /* RecognitionViewController.h */ = {isa = PBXFileReference; fileEncoding = 4; lastKnownFileType = sourcecode.c.h; name = RecognitionViewController.h; path = ../RecognitionViewController.h; sourceTree = "<group>"; };
		0EE8F15F15EFDA990098057A /* RecognitionViewController.m */ = {isa = PBXFileReference; fileEncoding = 4; lastKnownFileType = sourcecode.c.objc; name = RecognitionViewController.m; path = ../RecognitionViewController.m; sourceTree = "<group>"; };
		0EFF4CBE15EE897200688790 /* FinderViewController.h */ = {isa = PBXFileReference; fileEncoding = 4; lastKnownFileType = sourcecode.c.h; name = FinderViewController.h; path = ../FinderViewController.h; sourceTree = "<group>"; };
		0EFF4CBF15EE897200688790 /* FinderViewController.m */ = {isa = PBXFileReference; fileEncoding = 4; lastKnownFileType = sourcecode.c.objc; name = FinderViewController.m; path = ../FinderViewController.m; sourceTree = "<group>"; };
/* End PBXFileReference section */

/* Begin PBXFrameworksBuildPhase section */
		0EC1A96E15DFEA6B000E0900 /* Frameworks */ = {
			isa = PBXFrameworksBuildPhase;
			buildActionMask = 2147483647;
			files = (
				0EC1A97615DFEA6B000E0900 /* Cocoa.framework in Frameworks */,
			);
			runOnlyForDeploymentPostprocessing = 0;
		};
		0EC1A98E15DFEA6B000E0900 /* Frameworks */ = {
			isa = PBXFrameworksBuildPhase;
			buildActionMask = 2147483647;
			files = (
				0EC1A99415DFEA6B000E0900 /* SenTestingKit.framework in Frameworks */,
				0EC1A99515DFEA6B000E0900 /* Cocoa.framework in Frameworks */,
			);
			runOnlyForDeploymentPostprocessing = 0;
		};
/* End PBXFrameworksBuildPhase section */

/* Begin PBXGroup section */
		0EBA409C1622233C00181F10 /* Controllers */ = {
			isa = PBXGroup;
			children = (
				0EFF4CBE15EE897200688790 /* FinderViewController.h */,
				0EE8F15E15EFDA990098057A /* RecognitionViewController.h */,
				0EE8F15F15EFDA990098057A /* RecognitionViewController.m */,
				0E45D74215F11D100059DB0A /* EvaluationViewController.h */,
				0E45D74315F11D100059DB0A /* EvaluationViewController.m */,
				0E5A82B615F2141E00CB5621 /* SynthesisViewController.h */,
				0E5A82B715F2141E00CB5621 /* SynthesisViewController.m */,
				0EFF4CBF15EE897200688790 /* FinderViewController.m */,
			);
			path = Controllers;
			sourceTree = "<group>";
		};
		0EC1A96615DFEA6B000E0900 = {
			isa = PBXGroup;
			children = (
				0EC1A97B15DFEA6B000E0900 /* UcoNer */,
				0EC1A99815DFEA6B000E0900 /* UcoNerTests */,
				0EC1A97415DFEA6B000E0900 /* Frameworks */,
				0EC1A97215DFEA6B000E0900 /* Products */,
			);
			sourceTree = "<group>";
		};
		0EC1A97215DFEA6B000E0900 /* Products */ = {
			isa = PBXGroup;
			children = (
				0EC1A97115DFEA6B000E0900 /* UcoNer.app */,
				0EC1A99215DFEA6B000E0900 /* UcoNerTests.octest */,
			);
			name = Products;
			sourceTree = "<group>";
		};
		0EC1A97415DFEA6B000E0900 /* Frameworks */ = {
			isa = PBXGroup;
			children = (
				0EC1A97515DFEA6B000E0900 /* Cocoa.framework */,
				0EC1A99315DFEA6B000E0900 /* SenTestingKit.framework */,
				0EC1A97715DFEA6B000E0900 /* Other Frameworks */,
			);
			name = Frameworks;
			sourceTree = "<group>";
		};
		0EC1A97715DFEA6B000E0900 /* Other Frameworks */ = {
			isa = PBXGroup;
			children = (
				0EC1A97815DFEA6B000E0900 /* AppKit.framework */,
				0EC1A97915DFEA6B000E0900 /* CoreData.framework */,
				0EC1A97A15DFEA6B000E0900 /* Foundation.framework */,
			);
			name = "Other Frameworks";
			sourceTree = "<group>";
		};
		0EC1A97B15DFEA6B000E0900 /* UcoNer */ = {
			isa = PBXGroup;
			children = (
				0EBA409C1622233C00181F10 /* Controllers */,
				0EC1A98715DFEA6B000E0900 /* AppDelegate.h */,
				0EC1A98815DFEA6B000E0900 /* AppDelegate.m */,
				0EC1A98A15DFEA6B000E0900 /* MainMenu.xib */,
				0E8A682A15DFEDB400412A75 /* MainWindow.xib */,
				0EC1A97C15DFEA6B000E0900 /* Supporting Files */,
				0E8A683115DFF61400412A75 /* MainWindowController.h */,
				0E8A683215DFF61400412A75 /* MainWindowController.m */,
			);
			path = UcoNer;
			sourceTree = "<group>";
		};
		0EC1A97C15DFEA6B000E0900 /* Supporting Files */ = {
			isa = PBXGroup;
			children = (
				0EC1A97D15DFEA6B000E0900 /* UcoNer-Info.plist */,
				0EC1A97E15DFEA6B000E0900 /* InfoPlist.strings */,
				0EC1A98115DFEA6B000E0900 /* main.m */,
				0EC1A98315DFEA6B000E0900 /* UcoNer-Prefix.pch */,
				0EC1A98415DFEA6B000E0900 /* Credits.rtf */,
			);
			name = "Supporting Files";
			sourceTree = "<group>";
		};
		0EC1A99815DFEA6B000E0900 /* UcoNerTests */ = {
			isa = PBXGroup;
			children = (
				0EC1A99E15DFEA6B000E0900 /* UcoNerTests.h */,
				0EC1A99F15DFEA6B000E0900 /* UcoNerTests.m */,
				0EC1A99915DFEA6B000E0900 /* Supporting Files */,
			);
			path = UcoNerTests;
			sourceTree = "<group>";
		};
		0EC1A99915DFEA6B000E0900 /* Supporting Files */ = {
			isa = PBXGroup;
			children = (
				0EC1A99A15DFEA6B000E0900 /* UcoNerTests-Info.plist */,
				0EC1A99B15DFEA6B000E0900 /* InfoPlist.strings */,
			);
			name = "Supporting Files";
			sourceTree = "<group>";
		};
/* End PBXGroup section */

/* Begin PBXNativeTarget section */
		0EC1A97015DFEA6B000E0900 /* UcoNer */ = {
			isa = PBXNativeTarget;
			buildConfigurationList = 0EC1A9A315DFEA6B000E0900 /* Build configuration list for PBXNativeTarget "UcoNer" */;
			buildPhases = (
				0EC1A96D15DFEA6B000E0900 /* Sources */,
				0EC1A96E15DFEA6B000E0900 /* Frameworks */,
				0EC1A96F15DFEA6B000E0900 /* Resources */,
			);
			buildRules = (
			);
			dependencies = (
			);
			name = UcoNer;
			productName = UcoNer;
			productReference = 0EC1A97115DFEA6B000E0900 /* UcoNer.app */;
			productType = "com.apple.product-type.application";
		};
		0EC1A99115DFEA6B000E0900 /* UcoNerTests */ = {
			isa = PBXNativeTarget;
			buildConfigurationList = 0EC1A9A615DFEA6B000E0900 /* Build configuration list for PBXNativeTarget "UcoNerTests" */;
			buildPhases = (
				0EC1A98D15DFEA6B000E0900 /* Sources */,
				0EC1A98E15DFEA6B000E0900 /* Frameworks */,
				0EC1A98F15DFEA6B000E0900 /* Resources */,
				0EC1A99015DFEA6B000E0900 /* ShellScript */,
			);
			buildRules = (
			);
			dependencies = (
				0EC1A99715DFEA6B000E0900 /* PBXTargetDependency */,
			);
			name = UcoNerTests;
			productName = UcoNerTests;
			productReference = 0EC1A99215DFEA6B000E0900 /* UcoNerTests.octest */;
			productType = "com.apple.product-type.bundle";
		};
/* End PBXNativeTarget section */

/* Begin PBXProject section */
		0EC1A96815DFEA6B000E0900 /* Project object */ = {
			isa = PBXProject;
			attributes = {
				LastUpgradeCheck = 0440;
				ORGANIZATIONNAME = "Claudia María Luque Fernández";
			};
			buildConfigurationList = 0EC1A96B15DFEA6B000E0900 /* Build configuration list for PBXProject "UcoNer" */;
			compatibilityVersion = "Xcode 3.2";
			developmentRegion = English;
			hasScannedForEncodings = 0;
			knownRegions = (
				en,
			);
			mainGroup = 0EC1A96615DFEA6B000E0900;
			productRefGroup = 0EC1A97215DFEA6B000E0900 /* Products */;
			projectDirPath = "";
			projectRoot = "";
			targets = (
				0EC1A97015DFEA6B000E0900 /* UcoNer */,
				0EC1A99115DFEA6B000E0900 /* UcoNerTests */,
			);
		};
/* End PBXProject section */

/* Begin PBXResourcesBuildPhase section */
		0EC1A96F15DFEA6B000E0900 /* Resources */ = {
			isa = PBXResourcesBuildPhase;
			buildActionMask = 2147483647;
			files = (
				0EC1A98015DFEA6B000E0900 /* InfoPlist.strings in Resources */,
				0EC1A98615DFEA6B000E0900 /* Credits.rtf in Resources */,
				0EC1A98C15DFEA6B000E0900 /* MainMenu.xib in Resources */,
				0E8A682B15DFEDB400412A75 /* MainWindow.xib in Resources */,
			);
			runOnlyForDeploymentPostprocessing = 0;
		};
		0EC1A98F15DFEA6B000E0900 /* Resources */ = {
			isa = PBXResourcesBuildPhase;
			buildActionMask = 2147483647;
			files = (
				0EC1A99D15DFEA6B000E0900 /* InfoPlist.strings in Resources */,
			);
			runOnlyForDeploymentPostprocessing = 0;
		};
/* End PBXResourcesBuildPhase section */

/* Begin PBXShellScriptBuildPhase section */
		0EC1A99015DFEA6B000E0900 /* ShellScript */ = {
			isa = PBXShellScriptBuildPhase;
			buildActionMask = 2147483647;
			files = (
			);
			inputPaths = (
			);
			outputPaths = (
			);
			runOnlyForDeploymentPostprocessing = 0;
			shellPath = /bin/sh;
			shellScript = "# Run the unit tests in this test bundle.\n\"${SYSTEM_DEVELOPER_DIR}/Tools/RunUnitTests\"\n";
		};
/* End PBXShellScriptBuildPhase section */

/* Begin PBXSourcesBuildPhase section */
		0EC1A96D15DFEA6B000E0900 /* Sources */ = {
			isa = PBXSourcesBuildPhase;
			buildActionMask = 2147483647;
			files = (
				0EC1A98215DFEA6B000E0900 /* main.m in Sources */,
				0EC1A98915DFEA6B000E0900 /* AppDelegate.m in Sources */,
				0E8A683315DFF61400412A75 /* MainWindowController.m in Sources */,
				0EFF4CC015EE897200688790 /* FinderViewController.m in Sources */,
				0EE8F16015EFDA9A0098057A /* RecognitionViewController.m in Sources */,
				0E45D74415F11D100059DB0A /* EvaluationViewController.m in Sources */,
				0E5A82B815F2141E00CB5621 /* SynthesisViewController.m in Sources */,
			);
			runOnlyForDeploymentPostprocessing = 0;
		};
		0EC1A98D15DFEA6B000E0900 /* Sources */ = {
			isa = PBXSourcesBuildPhase;
			buildActionMask = 2147483647;
			files = (
				0EC1A9A015DFEA6B000E0900 /* UcoNerTests.m in Sources */,
			);
			runOnlyForDeploymentPostprocessing = 0;
		};
/* End PBXSourcesBuildPhase section */

/* Begin PBXTargetDependency section */
		0EC1A99715DFEA6B000E0900 /* PBXTargetDependency */ = {
			isa = PBXTargetDependency;
			target = 0EC1A97015DFEA6B000E0900 /* UcoNer */;
			targetProxy = 0EC1A99615DFEA6B000E0900 /* PBXContainerItemProxy */;
		};
/* End PBXTargetDependency section */

/* Begin PBXVariantGroup section */
		0EC1A97E15DFEA6B000E0900 /* InfoPlist.strings */ = {
			isa = PBXVariantGroup;
			children = (
				0EC1A97F15DFEA6B000E0900 /* en */,
			);
			name = InfoPlist.strings;
			sourceTree = "<group>";
		};
		0EC1A98415DFEA6B000E0900 /* Credits.rtf */ = {
			isa = PBXVariantGroup;
			children = (
				0EC1A98515DFEA6B000E0900 /* en */,
			);
			name = Credits.rtf;
			sourceTree = "<group>";
		};
		0EC1A98A15DFEA6B000E0900 /* MainMenu.xib */ = {
			isa = PBXVariantGroup;
			children = (
				0EC1A98B15DFEA6B000E0900 /* en */,
			);
			name = MainMenu.xib;
			sourceTree = "<group>";
		};
		0EC1A99B15DFEA6B000E0900 /* InfoPlist.strings */ = {
			isa = PBXVariantGroup;
			children = (
				0EC1A99C15DFEA6B000E0900 /* en */,
			);
			name = InfoPlist.strings;
			sourceTree = "<group>";
		};
/* End PBXVariantGroup section */

/* Begin XCBuildConfiguration section */
		0EC1A9A115DFEA6B000E0900 /* Debug */ = {
			isa = XCBuildConfiguration;
			buildSettings = {
				ALWAYS_SEARCH_USER_PATHS = NO;
				ARCHS = "$(ARCHS_STANDARD_64_BIT)";
				CLANG_CXX_LANGUAGE_STANDARD = "gnu++0x";
				CLANG_ENABLE_OBJC_ARC = YES;
				CLANG_WARN__DUPLICATE_METHOD_MATCH = YES;
				COPY_PHASE_STRIP = NO;
				GCC_C_LANGUAGE_STANDARD = gnu99;
				GCC_DYNAMIC_NO_PIC = NO;
				GCC_ENABLE_OBJC_EXCEPTIONS = YES;
				GCC_OPTIMIZATION_LEVEL = 0;
				GCC_PREPROCESSOR_DEFINITIONS = (
					"DEBUG=1",
					"$(inherited)",
				);
				GCC_SYMBOLS_PRIVATE_EXTERN = NO;
				GCC_WARN_64_TO_32_BIT_CONVERSION = YES;
				GCC_WARN_ABOUT_RETURN_TYPE = YES;
				GCC_WARN_UNINITIALIZED_AUTOS = YES;
				GCC_WARN_UNUSED_VARIABLE = YES;
				MACOSX_DEPLOYMENT_TARGET = 10.6;
				ONLY_ACTIVE_ARCH = YES;
				SDKROOT = macosx;
			};
			name = Debug;
		};
		0EC1A9A215DFEA6B000E0900 /* Release */ = {
			isa = XCBuildConfiguration;
			buildSettings = {
				ALWAYS_SEARCH_USER_PATHS = NO;
				ARCHS = "$(ARCHS_STANDARD_64_BIT)";
				CLANG_CXX_LANGUAGE_STANDARD = "gnu++0x";
				CLANG_ENABLE_OBJC_ARC = YES;
				CLANG_WARN__DUPLICATE_METHOD_MATCH = YES;
				COPY_PHASE_STRIP = YES;
				DEBUG_INFORMATION_FORMAT = "dwarf-with-dsym";
				GCC_C_LANGUAGE_STANDARD = gnu99;
				GCC_ENABLE_OBJC_EXCEPTIONS = YES;
				GCC_WARN_64_TO_32_BIT_CONVERSION = YES;
				GCC_WARN_ABOUT_RETURN_TYPE = YES;
				GCC_WARN_UNINITIALIZED_AUTOS = YES;
				GCC_WARN_UNUSED_VARIABLE = YES;
				MACOSX_DEPLOYMENT_TARGET = 10.6;
				SDKROOT = macosx;
			};
			name = Release;
		};
		0EC1A9A415DFEA6B000E0900 /* Debug */ = {
			isa = XCBuildConfiguration;
			buildSettings = {
				COMBINE_HIDPI_IMAGES = YES;
				GCC_PRECOMPILE_PREFIX_HEADER = YES;
				GCC_PREFIX_HEADER = "UcoNer/UcoNer-Prefix.pch";
				INFOPLIST_FILE = "UcoNer/UcoNer-Info.plist";
				New_Setting = "";
				PRODUCT_NAME = "$(TARGET_NAME)";
				WRAPPER_EXTENSION = app;
			};
			name = Debug;
		};
		0EC1A9A515DFEA6B000E0900 /* Release */ = {
			isa = XCBuildConfiguration;
			buildSettings = {
				COMBINE_HIDPI_IMAGES = YES;
				GCC_PRECOMPILE_PREFIX_HEADER = YES;
				GCC_PREFIX_HEADER = "UcoNer/UcoNer-Prefix.pch";
				INFOPLIST_FILE = "UcoNer/UcoNer-Info.plist";
				New_Setting = "";
				PRODUCT_NAME = "$(TARGET_NAME)";
				WRAPPER_EXTENSION = app;
			};
			name = Release;
		};
		0EC1A9A715DFEA6B000E0900 /* Debug */ = {
			isa = XCBuildConfiguration;
			buildSettings = {
				BUNDLE_LOADER = "$(BUILT_PRODUCTS_DIR)/UcoNer.app/Contents/MacOS/UcoNer";
				COMBINE_HIDPI_IMAGES = YES;
				FRAMEWORK_SEARCH_PATHS = "\"$(DEVELOPER_LIBRARY_DIR)/Frameworks\"";
				GCC_PRECOMPILE_PREFIX_HEADER = YES;
				GCC_PREFIX_HEADER = "UcoNer/UcoNer-Prefix.pch";
				INFOPLIST_FILE = "UcoNerTests/UcoNerTests-Info.plist";
				PRODUCT_NAME = "$(TARGET_NAME)";
				TEST_HOST = "$(BUNDLE_LOADER)";
				WRAPPER_EXTENSION = octest;
			};
			name = Debug;
		};
		0EC1A9A815DFEA6B000E0900 /* Release */ = {
			isa = XCBuildConfiguration;
			buildSettings = {
				BUNDLE_LOADER = "$(BUILT_PRODUCTS_DIR)/UcoNer.app/Contents/MacOS/UcoNer";
				COMBINE_HIDPI_IMAGES = YES;
				FRAMEWORK_SEARCH_PATHS = "\"$(DEVELOPER_LIBRARY_DIR)/Frameworks\"";
				GCC_PRECOMPILE_PREFIX_HEADER = YES;
				GCC_PREFIX_HEADER = "UcoNer/UcoNer-Prefix.pch";
				INFOPLIST_FILE = "UcoNerTests/UcoNerTests-Info.plist";
				PRODUCT_NAME = "$(TARGET_NAME)";
				TEST_HOST = "$(BUNDLE_LOADER)";
				WRAPPER_EXTENSION = octest;
			};
			name = Release;
		};
/* End XCBuildConfiguration section */

/* Begin XCConfigurationList section */
		0EC1A96B15DFEA6B000E0900 /* Build configuration list for PBXProject "UcoNer" */ = {
			isa = XCConfigurationList;
			buildConfigurations = (
				0EC1A9A115DFEA6B000E0900 /* Debug */,
				0EC1A9A215DFEA6B000E0900 /* Release */,
			);
			defaultConfigurationIsVisible = 0;
			defaultConfigurationName = Release;
		};
		0EC1A9A315DFEA6B000E0900 /* Build configuration list for PBXNativeTarget "UcoNer" */ = {
			isa = XCConfigurationList;
			buildConfigurations = (
				0EC1A9A415DFEA6B000E0900 /* Debug */,
				0EC1A9A515DFEA6B000E0900 /* Release */,
			);
			defaultConfigurationIsVisible = 0;
			defaultConfigurationName = Release;
		};
		0EC1A9A615DFEA6B000E0900 /* Build configuration list for PBXNativeTarget "UcoNerTests" */ = {
			isa = XCConfigurationList;
			buildConfigurations = (
				0EC1A9A715DFEA6B000E0900 /* Debug */,
				0EC1A9A815DFEA6B000E0900 /* Release */,
			);
			defaultConfigurationIsVisible = 0;
			defaultConfigurationName = Release;
		};
/* End XCConfigurationList section */
	};
	rootObject = 0EC1A96815DFEA6B000E0900 /* Project object */;
}
